Microsoft Visual Studio Solution File, Format Version 12.00
# Visual Studio 14
VisualStudioVersion = 14.0.24720.0
MinimumVisualStudioVersion = 10.0.40219.1
Project("{8BC9CEB8-8B4A-11D0-8D11-00A0C91BC942}") = "libHh", "libHh\libHh.vcxproj", "{603DC1D8-0D14-40F0-9788-565F73D5DC54}"
EndProject
Project("{8BC9CEB8-8B4A-11D0-8D11-00A0C91BC942}") = "libHWin", "libHWin\libHWin.vcxproj", "{345BB510-E14C-4FDD-8375-0895FEDB342B}"
EndProject
Project("{8BC9CEB8-8B4A-11D0-8D11-00A0C91BC942}") = "Recon", "Recon\Recon.vcxproj", "{71F5D634-6F90-49C9-8622-80AAF3599CC1}"
EndProject
Project("{8BC9CEB8-8B4A-11D0-8D11-00A0C91BC942}") = "Meshfit", "Meshfit\Meshfit.vcxproj", "{FC76D6BC-2EFD-4E4A-BDD9-5EDB5CDCD1FE}"
EndProject
Project("{8BC9CEB8-8B4A-11D0-8D11-00A0C91BC942}") = "Subdivfit", "Subdivfit\Subdivfit.vcxproj", "{509B9CA1-C422-4061-9052-27762F77CBD1}"
EndProject
Project("{8BC9CEB8-8B4A-11D0-8D11-00A0C91BC942}") = "Polyfit", "Polyfit\Polyfit.vcxproj", "{E977CAF6-8D5E-468A-8F1E-579638BBDC69}"
EndProject
Project("{8BC9CEB8-8B4A-11D0-8D11-00A0C91BC942}") = "MeshDistance", "MeshDistance\MeshDistance.vcxproj", "{DAEBDCB0-2427-4FAB-AF01-1267CDB2AAD9}"
EndProject
Project("{8BC9CEB8-8B4A-11D0-8D11-00A0C91BC942}") = "MeshSimplify", "MeshSimplify\MeshSimplify.vcxproj", "{40B5A230-42A0-4801-A149-C65A932DCC12}"
EndProject
Project("{8BC9CEB8-8B4A-11D0-8D11-00A0C91BC942}") = "reverselines", "reverselines\reverselines.vcxproj", "{48516AB0-D207-4A9B-9754-D460FEA27899}"
EndProject
Project("{8BC9CEB8-8B4A-11D0-8D11-00A0C91BC942}") = "Filterprog", "Filterprog\Filterprog.vcxproj", "{E53621EE-41DC-4371-BBD7-FBD912304028}"
EndProject
Project("{8BC9CEB8-8B4A-11D0-8D11-00A0C91BC942}") = "FilterPM", "FilterPM\FilterPM.vcxproj", "{73504DF2-9608-46DD-9608-E478F3C53DAB}"
EndProject
Project("{8BC9CEB8-8B4A-11D0-8D11-00A0C91BC942}") = "StitchPM", "StitchPM\StitchPM.vcxproj", "{248CD9A7-114E-4951-99C7-550F7F684D8F}"
EndProject
Project("{8BC9CEB8-8B4A-11D0-8D11-00A0C91BC942}") = "MinCycles", "MinCycles\MinCycles.vcxproj", "{6F88B646-02AF-4DA1-8E48-3B320B215124}"
EndProject
Project("{8BC9CEB8-8B4A-11D0-8D11-00A0C91BC942}") = "MeshReorder", "MeshReorder\MeshReorder.vcxproj", "{8D512247-5FC5-486E-B1D1-A5CDB96F9B1A}"
EndProject
Project("{8BC9CEB8-8B4A-11D0-8D11-00A0C91BC942}") = "Filtermesh", "Filtermesh\Filtermesh.vcxproj", "{66207B9E-F247-4A29-B4EA-190C333FDE2C}"
EndProject
Project("{8BC9CEB8-8B4A-11D0-8D11-00A0C91BC942}") = "Filtera3d", "Filtera3d\Filtera3d.vcxproj", "{0FE80075-72B2-4B73-B78A-00CF7633EED1}"
EndProject
Project("{8BC9CEB8-8B4A-11D0-8D11-00A0C91BC942}") = "Filterframe", "Filterframe\Filterframe.vcxproj", "{166E65CE-A447-4E84-911F-931F6C3851FA}"
EndProject
Project("{8BC9CEB8-8B4A-11D0-8D11-00A0C91BC942}") = "Filterimage", "Filterimage\Filterimage.vcxproj", "{81787C67-4356-4EEE-B5D4-DC2C8A016D7E}"
EndProject
Project("{8BC9CEB8-8B4A-11D0-8D11-00A0C91BC942}") = "Filtervideo", "Filtervideo\Filtervideo.vcxproj", "{59C3F137-EAC0-41AC-866A-84E29CFC26DB}"
EndProject
Project("{8BC9CEB8-8B4A-11D0-8D11-00A0C91BC942}") = "G3dOGL", "G3dOGL\G3dOGL.vcxproj", "{94DE8222-004F-444E-9E7C-F1F9F2863BD6}"
EndProject
Project("{8BC9CEB8-8B4A-11D0-8D11-00A0C91BC942}") = "G3dVec", "G3dVec\G3dVec.vcxproj", "{E4024360-90A4-470F-A6B1-105ACBF90FFA}"
EndProject
Project("{8BC9CEB8-8B4A-11D0-8D11-00A0C91BC942}") = "VideoViewer", "VideoViewer\VideoViewer.vcxproj", "{CEA9C771-F7F8-49E3-B4A3-890A535B122B}"
EndProject
Global
	GlobalSection(SolutionConfigurationPlatforms) = preSolution
		Debug|ARM = Debug|ARM
		Debug|Win32 = Debug|Win32
		Debug|x64 = Debug|x64
		DebugMD|ARM = DebugMD|ARM
		DebugMD|Win32 = DebugMD|Win32
		DebugMD|x64 = DebugMD|x64
		Release|ARM = Release|ARM
		Release|Win32 = Release|Win32
		Release|x64 = Release|x64
		ReleaseMD|ARM = ReleaseMD|ARM
		ReleaseMD|Win32 = ReleaseMD|Win32
		ReleaseMD|x64 = ReleaseMD|x64
	EndGlobalSection
	GlobalSection(ProjectConfigurationPlatforms) = postSolution
		{603DC1D8-0D14-40F0-9788-565F73D5DC54}.Debug|ARM.ActiveCfg = Debug|Win32
		{603DC1D8-0D14-40F0-9788-565F73D5DC54}.Debug|Win32.ActiveCfg = Debug|Win32
		{603DC1D8-0D14-40F0-9788-565F73D5DC54}.Debug|Win32.Build.0 = Debug|Win32
		{603DC1D8-0D14-40F0-9788-565F73D5DC54}.Debug|x64.ActiveCfg = Debug|x64
		{603DC1D8-0D14-40F0-9788-565F73D5DC54}.Debug|x64.Build.0 = Debug|x64
		{603DC1D8-0D14-40F0-9788-565F73D5DC54}.DebugMD|ARM.ActiveCfg = DebugMD|Win32
		{603DC1D8-0D14-40F0-9788-565F73D5DC54}.DebugMD|Win32.ActiveCfg = DebugMD|Win32
		{603DC1D8-0D14-40F0-9788-565F73D5DC54}.DebugMD|Win32.Build.0 = DebugMD|Win32
		{603DC1D8-0D14-40F0-9788-565F73D5DC54}.DebugMD|x64.ActiveCfg = DebugMD|x64
		{603DC1D8-0D14-40F0-9788-565F73D5DC54}.DebugMD|x64.Build.0 = DebugMD|x64
		{603DC1D8-0D14-40F0-9788-565F73D5DC54}.Release|ARM.ActiveCfg = Release|Win32
		{603DC1D8-0D14-40F0-9788-565F73D5DC54}.Release|Win32.ActiveCfg = Release|Win32
		{603DC1D8-0D14-40F0-9788-565F73D5DC54}.Release|Win32.Build.0 = Release|Win32
		{603DC1D8-0D14-40F0-9788-565F73D5DC54}.Release|x64.ActiveCfg = Release|x64
		{603DC1D8-0D14-40F0-9788-565F73D5DC54}.Release|x64.Build.0 = Release|x64
		{603DC1D8-0D14-40F0-9788-565F73D5DC54}.ReleaseMD|ARM.ActiveCfg = ReleaseMD|Win32
		{603DC1D8-0D14-40F0-9788-565F73D5DC54}.ReleaseMD|Win32.ActiveCfg = ReleaseMD|Win32
		{603DC1D8-0D14-40F0-9788-565F73D5DC54}.ReleaseMD|Win32.Build.0 = ReleaseMD|Win32
		{603DC1D8-0D14-40F0-9788-565F73D5DC54}.ReleaseMD|x64.ActiveCfg = ReleaseMD|x64
		{603DC1D8-0D14-40F0-9788-565F73D5DC54}.ReleaseMD|x64.Build.0 = ReleaseMD|x64
		{345BB510-E14C-4FDD-8375-0895FEDB342B}.Debug|ARM.ActiveCfg = Debug|Win32
		{345BB510-E14C-4FDD-8375-0895FEDB342B}.Debug|Win32.ActiveCfg = Debug|Win32
		{345BB510-E14C-4FDD-8375-0895FEDB342B}.Debug|Win32.Build.0 = Debug|Win32
		{345BB510-E14C-4FDD-8375-0895FEDB342B}.Debug|x64.ActiveCfg = Debug|x64
		{345BB510-E14C-4FDD-8375-0895FEDB342B}.Debug|x64.Build.0 = Debug|x64
		{345BB510-E14C-4FDD-8375-0895FEDB342B}.DebugMD|ARM.ActiveCfg = DebugMD|Win32
		{345BB510-E14C-4FDD-8375-0895FEDB342B}.DebugMD|Win32.ActiveCfg = DebugMD|Win32
		{345BB510-E14C-4FDD-8375-0895FEDB342B}.DebugMD|Win32.Build.0 = DebugMD|Win32
		{345BB510-E14C-4FDD-8375-0895FEDB342B}.DebugMD|x64.ActiveCfg = DebugMD|x64
		{345BB510-E14C-4FDD-8375-0895FEDB342B}.DebugMD|x64.Build.0 = DebugMD|x64
		{345BB510-E14C-4FDD-8375-0895FEDB342B}.Release|ARM.ActiveCfg = Release|Win32
		{345BB510-E14C-4FDD-8375-0895FEDB342B}.Release|Win32.ActiveCfg = Release|Win32
		{345BB510-E14C-4FDD-8375-0895FEDB342B}.Release|Win32.Build.0 = Release|Win32
		{345BB510-E14C-4FDD-8375-0895FEDB342B}.Release|x64.ActiveCfg = Release|x64
		{345BB510-E14C-4FDD-8375-0895FEDB342B}.Release|x64.Build.0 = Release|x64
		{345BB510-E14C-4FDD-8375-0895FEDB342B}.ReleaseMD|ARM.ActiveCfg = ReleaseMD|Win32
		{345BB510-E14C-4FDD-8375-0895FEDB342B}.ReleaseMD|Win32.ActiveCfg = ReleaseMD|Win32
		{345BB510-E14C-4FDD-8375-0895FEDB342B}.ReleaseMD|Win32.Build.0 = ReleaseMD|Win32
		{345BB510-E14C-4FDD-8375-0895FEDB342B}.ReleaseMD|x64.ActiveCfg = ReleaseMD|x64
		{345BB510-E14C-4FDD-8375-0895FEDB342B}.ReleaseMD|x64.Build.0 = ReleaseMD|x64
		{71F5D634-6F90-49C9-8622-80AAF3599CC1}.Debug|ARM.ActiveCfg = Debug|Win32
		{71F5D634-6F90-49C9-8622-80AAF3599CC1}.Debug|Win32.ActiveCfg = Debug|Win32
		{71F5D634-6F90-49C9-8622-80AAF3599CC1}.Debug|Win32.Build.0 = Debug|Win32
		{71F5D634-6F90-49C9-8622-80AAF3599CC1}.Debug|x64.ActiveCfg = Debug|x64
		{71F5D634-6F90-49C9-8622-80AAF3599CC1}.Debug|x64.Build.0 = Debug|x64
		{71F5D634-6F90-49C9-8622-80AAF3599CC1}.DebugMD|ARM.ActiveCfg = DebugMD|Win32
		{71F5D634-6F90-49C9-8622-80AAF3599CC1}.DebugMD|Win32.ActiveCfg = DebugMD|Win32
		{71F5D634-6F90-49C9-8622-80AAF3599CC1}.DebugMD|Win32.Build.0 = DebugMD|Win32
		{71F5D634-6F90-49C9-8622-80AAF3599CC1}.DebugMD|x64.ActiveCfg = DebugMD|x64
		{71F5D634-6F90-49C9-8622-80AAF3599CC1}.DebugMD|x64.Build.0 = DebugMD|x64
		{71F5D634-6F90-49C9-8622-80AAF3599CC1}.Release|ARM.ActiveCfg = Release|Win32
		{71F5D634-6F90-49C9-8622-80AAF3599CC1}.Release|Win32.ActiveCfg = Release|Win32
		{71F5D634-6F90-49C9-8622-80AAF3599CC1}.Release|Win32.Build.0 = Release|Win32
		{71F5D634-6F90-49C9-8622-80AAF3599CC1}.Release|x64.ActiveCfg = Release|x64
		{71F5D634-6F90-49C9-8622-80AAF3599CC1}.Release|x64.Build.0 = Release|x64
		{71F5D634-6F90-49C9-8622-80AAF3599CC1}.ReleaseMD|ARM.ActiveCfg = ReleaseMD|Win32
		{71F5D634-6F90-49C9-8622-80AAF3599CC1}.ReleaseMD|Win32.ActiveCfg = ReleaseMD|Win32
		{71F5D634-6F90-49C9-8622-80AAF3599CC1}.ReleaseMD|Win32.Build.0 = ReleaseMD|Win32
		{71F5D634-6F90-49C9-8622-80AAF3599CC1}.ReleaseMD|x64.ActiveCfg = ReleaseMD|x64
		{71F5D634-6F90-49C9-8622-80AAF3599CC1}.ReleaseMD|x64.Build.0 = ReleaseMD|x64
		{FC76D6BC-2EFD-4E4A-BDD9-5EDB5CDCD1FE}.Debug|ARM.ActiveCfg = Debug|Win32
		{FC76D6BC-2EFD-4E4A-BDD9-5EDB5CDCD1FE}.Debug|Win32.ActiveCfg = Debug|Win32
		{FC76D6BC-2EFD-4E4A-BDD9-5EDB5CDCD1FE}.Debug|Win32.Build.0 = Debug|Win32
		{FC76D6BC-2EFD-4E4A-BDD9-5EDB5CDCD1FE}.Debug|x64.ActiveCfg = Debug|x64
		{FC76D6BC-2EFD-4E4A-BDD9-5EDB5CDCD1FE}.Debug|x64.Build.0 = Debug|x64
		{FC76D6BC-2EFD-4E4A-BDD9-5EDB5CDCD1FE}.DebugMD|ARM.ActiveCfg = DebugMD|Win32
		{FC76D6BC-2EFD-4E4A-BDD9-5EDB5CDCD1FE}.DebugMD|Win32.ActiveCfg = DebugMD|Win32
		{FC76D6BC-2EFD-4E4A-BDD9-5EDB5CDCD1FE}.DebugMD|Win32.Build.0 = DebugMD|Win32
		{FC76D6BC-2EFD-4E4A-BDD9-5EDB5CDCD1FE}.DebugMD|x64.ActiveCfg = DebugMD|x64
		{FC76D6BC-2EFD-4E4A-BDD9-5EDB5CDCD1FE}.DebugMD|x64.Build.0 = DebugMD|x64
		{FC76D6BC-2EFD-4E4A-BDD9-5EDB5CDCD1FE}.Release|ARM.ActiveCfg = Release|Win32
		{FC76D6BC-2EFD-4E4A-BDD9-5EDB5CDCD1FE}.Release|Win32.ActiveCfg = Release|Win32
		{FC76D6BC-2EFD-4E4A-BDD9-5EDB5CDCD1FE}.Release|Win32.Build.0 = Release|Win32
		{FC76D6BC-2EFD-4E4A-BDD9-5EDB5CDCD1FE}.Release|x64.ActiveCfg = Release|x64
		{FC76D6BC-2EFD-4E4A-BDD9-5EDB5CDCD1FE}.Release|x64.Build.0 = Release|x64
		{FC76D6BC-2EFD-4E4A-BDD9-5EDB5CDCD1FE}.ReleaseMD|ARM.ActiveCfg = ReleaseMD|Win32
		{FC76D6BC-2EFD-4E4A-BDD9-5EDB5CDCD1FE}.ReleaseMD|Win32.ActiveCfg = ReleaseMD|Win32
		{FC76D6BC-2EFD-4E4A-BDD9-5EDB5CDCD1FE}.ReleaseMD|Win32.Build.0 = ReleaseMD|Win32
		{FC76D6BC-2EFD-4E4A-BDD9-5EDB5CDCD1FE}.ReleaseMD|x64.ActiveCfg = ReleaseMD|x64
		{FC76D6BC-2EFD-4E4A-BDD9-5EDB5CDCD1FE}.ReleaseMD|x64.Build.0 = ReleaseMD|x64
		{509B9CA1-C422-4061-9052-27762F77CBD1}.Debug|ARM.ActiveCfg = Debug|Win32
		{509B9CA1-C422-4061-9052-27762F77CBD1}.Debug|Win32.ActiveCfg = Debug|Win32
		{509B9CA1-C422-4061-9052-27762F77CBD1}.Debug|Win32.Build.0 = Debug|Win32
		{509B9CA1-C422-4061-9052-27762F77CBD1}.Debug|x64.ActiveCfg = Debug|x64
		{509B9CA1-C422-4061-9052-27762F77CBD1}.Debug|x64.Build.0 = Debug|x64
		{509B9CA1-C422-4061-9052-27762F77CBD1}.DebugMD|ARM.ActiveCfg = DebugMD|Win32
		{509B9CA1-C422-4061-9052-27762F77CBD1}.DebugMD|Win32.ActiveCfg = DebugMD|Win32
		{509B9CA1-C422-4061-9052-27762F77CBD1}.DebugMD|Win32.Build.0 = DebugMD|Win32
		{509B9CA1-C422-4061-9052-27762F77CBD1}.DebugMD|x64.ActiveCfg = DebugMD|x64
		{509B9CA1-C422-4061-9052-27762F77CBD1}.DebugMD|x64.Build.0 = DebugMD|x64
		{509B9CA1-C422-4061-9052-27762F77CBD1}.Release|ARM.ActiveCfg = Release|Win32
		{509B9CA1-C422-4061-9052-27762F77CBD1}.Release|Win32.ActiveCfg = Release|Win32
		{509B9CA1-C422-4061-9052-27762F77CBD1}.Release|Win32.Build.0 = Release|Win32
		{509B9CA1-C422-4061-9052-27762F77CBD1}.Release|x64.ActiveCfg = Release|x64
		{509B9CA1-C422-4061-9052-27762F77CBD1}.Release|x64.Build.0 = Release|x64
		{509B9CA1-C422-4061-9052-27762F77CBD1}.ReleaseMD|ARM.ActiveCfg = ReleaseMD|Win32
		{509B9CA1-C422-4061-9052-27762F77CBD1}.ReleaseMD|Win32.ActiveCfg = ReleaseMD|Win32
		{509B9CA1-C422-4061-9052-27762F77CBD1}.ReleaseMD|Win32.Build.0 = ReleaseMD|Win32
		{509B9CA1-C422-4061-9052-27762F77CBD1}.ReleaseMD|x64.ActiveCfg = ReleaseMD|x64
		{509B9CA1-C422-4061-9052-27762F77CBD1}.ReleaseMD|x64.Build.0 = ReleaseMD|x64
		{E977CAF6-8D5E-468A-8F1E-579638BBDC69}.Debug|ARM.ActiveCfg = Debug|Win32
		{E977CAF6-8D5E-468A-8F1E-579638BBDC69}.Debug|Win32.ActiveCfg = Debug|Win32
		{E977CAF6-8D5E-468A-8F1E-579638BBDC69}.Debug|Win32.Build.0 = Debug|Win32
		{E977CAF6-8D5E-468A-8F1E-579638BBDC69}.Debug|x64.ActiveCfg = Debug|x64
		{E977CAF6-8D5E-468A-8F1E-579638BBDC69}.Debug|x64.Build.0 = Debug|x64
		{E977CAF6-8D5E-468A-8F1E-579638BBDC69}.DebugMD|ARM.ActiveCfg = DebugMD|Win32
		{E977CAF6-8D5E-468A-8F1E-579638BBDC69}.DebugMD|Win32.ActiveCfg = DebugMD|Win32
		{E977CAF6-8D5E-468A-8F1E-579638BBDC69}.DebugMD|Win32.Build.0 = DebugMD|Win32
		{E977CAF6-8D5E-468A-8F1E-579638BBDC69}.DebugMD|x64.ActiveCfg = DebugMD|x64
		{E977CAF6-8D5E-468A-8F1E-579638BBDC69}.DebugMD|x64.Build.0 = DebugMD|x64
		{E977CAF6-8D5E-468A-8F1E-579638BBDC69}.Release|ARM.ActiveCfg = Release|Win32
		{E977CAF6-8D5E-468A-8F1E-579638BBDC69}.Release|Win32.ActiveCfg = Release|Win32
		{E977CAF6-8D5E-468A-8F1E-579638BBDC69}.Release|Win32.Build.0 = Release|Win32
		{E977CAF6-8D5E-468A-8F1E-579638BBDC69}.Release|x64.ActiveCfg = Release|x64
		{E977CAF6-8D5E-468A-8F1E-579638BBDC69}.Release|x64.Build.0 = Release|x64
		{E977CAF6-8D5E-468A-8F1E-579638BBDC69}.ReleaseMD|ARM.ActiveCfg = ReleaseMD|Win32
		{E977CAF6-8D5E-468A-8F1E-579638BBDC69}.ReleaseMD|Win32.ActiveCfg = ReleaseMD|Win32
		{E977CAF6-8D5E-468A-8F1E-579638BBDC69}.ReleaseMD|Win32.Build.0 = ReleaseMD|Win32
		{E977CAF6-8D5E-468A-8F1E-579638BBDC69}.ReleaseMD|x64.ActiveCfg = ReleaseMD|x64
		{E977CAF6-8D5E-468A-8F1E-579638BBDC69}.ReleaseMD|x64.Build.0 = ReleaseMD|x64
		{DAEBDCB0-2427-4FAB-AF01-1267CDB2AAD9}.Debug|ARM.ActiveCfg = Debug|Win32
		{DAEBDCB0-2427-4FAB-AF01-1267CDB2AAD9}.Debug|Win32.ActiveCfg = Debug|Win32
		{DAEBDCB0-2427-4FAB-AF01-1267CDB2AAD9}.Debug|Win32.Build.0 = Debug|Win32
		{DAEBDCB0-2427-4FAB-AF01-1267CDB2AAD9}.Debug|x64.ActiveCfg = Debug|x64
		{DAEBDCB0-2427-4FAB-AF01-1267CDB2AAD9}.Debug|x64.Build.0 = Debug|x64
		{DAEBDCB0-2427-4FAB-AF01-1267CDB2AAD9}.DebugMD|ARM.ActiveCfg = DebugMD|Win32
		{DAEBDCB0-2427-4FAB-AF01-1267CDB2AAD9}.DebugMD|Win32.ActiveCfg = DebugMD|Win32
		{DAEBDCB0-2427-4FAB-AF01-1267CDB2AAD9}.DebugMD|Win32.Build.0 = DebugMD|Win32
		{DAEBDCB0-2427-4FAB-AF01-1267CDB2AAD9}.DebugMD|x64.ActiveCfg = DebugMD|x64
		{DAEBDCB0-2427-4FAB-AF01-1267CDB2AAD9}.DebugMD|x64.Build.0 = DebugMD|x64
		{DAEBDCB0-2427-4FAB-AF01-1267CDB2AAD9}.Release|ARM.ActiveCfg = Release|Win32
		{DAEBDCB0-2427-4FAB-AF01-1267CDB2AAD9}.Release|Win32.ActiveCfg = Release|Win32
		{DAEBDCB0-2427-4FAB-AF01-1267CDB2AAD9}.Release|Win32.Build.0 = Release|Win32
		{DAEBDCB0-2427-4FAB-AF01-1267CDB2AAD9}.Release|x64.ActiveCfg = Release|x64
		{DAEBDCB0-2427-4FAB-AF01-1267CDB2AAD9}.Release|x64.Build.0 = Release|x64
		{DAEBDCB0-2427-4FAB-AF01-1267CDB2AAD9}.ReleaseMD|ARM.ActiveCfg = ReleaseMD|Win32
		{DAEBDCB0-2427-4FAB-AF01-1267CDB2AAD9}.ReleaseMD|Win32.ActiveCfg = ReleaseMD|Win32
		{DAEBDCB0-2427-4FAB-AF01-1267CDB2AAD9}.ReleaseMD|Win32.Build.0 = ReleaseMD|Win32
		{DAEBDCB0-2427-4FAB-AF01-1267CDB2AAD9}.ReleaseMD|x64.ActiveCfg = ReleaseMD|x64
		{DAEBDCB0-2427-4FAB-AF01-1267CDB2AAD9}.ReleaseMD|x64.Build.0 = ReleaseMD|x64
		{40B5A230-42A0-4801-A149-C65A932DCC12}.Debug|ARM.ActiveCfg = Debug|Win32
		{40B5A230-42A0-4801-A149-C65A932DCC12}.Debug|Win32.ActiveCfg = Debug|Win32
		{40B5A230-42A0-4801-A149-C65A932DCC12}.Debug|Win32.Build.0 = Debug|Win32
		{40B5A230-42A0-4801-A149-C65A932DCC12}.Debug|x64.ActiveCfg = Debug|x64
		{40B5A230-42A0-4801-A149-C65A932DCC12}.Debug|x64.Build.0 = Debug|x64
		{40B5A230-42A0-4801-A149-C65A932DCC12}.DebugMD|ARM.ActiveCfg = DebugMD|Win32
		{40B5A230-42A0-4801-A149-C65A932DCC12}.DebugMD|Win32.ActiveCfg = DebugMD|Win32
		{40B5A230-42A0-4801-A149-C65A932DCC12}.DebugMD|Win32.Build.0 = DebugMD|Win32
		{40B5A230-42A0-4801-A149-C65A932DCC12}.DebugMD|x64.ActiveCfg = DebugMD|x64
		{40B5A230-42A0-4801-A149-C65A932DCC12}.DebugMD|x64.Build.0 = DebugMD|x64
		{40B5A230-42A0-4801-A149-C65A932DCC12}.Release|ARM.ActiveCfg = Release|Win32
		{40B5A230-42A0-4801-A149-C65A932DCC12}.Release|Win32.ActiveCfg = Release|Win32
		{40B5A230-42A0-4801-A149-C65A932DCC12}.Release|Win32.Build.0 = Release|Win32
		{40B5A230-42A0-4801-A149-C65A932DCC12}.Release|x64.ActiveCfg = Release|x64
		{40B5A230-42A0-4801-A149-C65A932DCC12}.Release|x64.Build.0 = Release|x64
		{40B5A230-42A0-4801-A149-C65A932DCC12}.ReleaseMD|ARM.ActiveCfg = ReleaseMD|Win32
		{40B5A230-42A0-4801-A149-C65A932DCC12}.ReleaseMD|Win32.ActiveCfg = ReleaseMD|Win32
		{40B5A230-42A0-4801-A149-C65A932DCC12}.ReleaseMD|Win32.Build.0 = ReleaseMD|Win32
		{40B5A230-42A0-4801-A149-C65A932DCC12}.ReleaseMD|x64.ActiveCfg = ReleaseMD|x64
		{40B5A230-42A0-4801-A149-C65A932DCC12}.ReleaseMD|x64.Build.0 = ReleaseMD|x64
		{48516AB0-D207-4A9B-9754-D460FEA27899}.Debug|ARM.ActiveCfg = Debug|Win32
		{48516AB0-D207-4A9B-9754-D460FEA27899}.Debug|Win32.ActiveCfg = Debug|Win32
		{48516AB0-D207-4A9B-9754-D460FEA27899}.Debug|Win32.Build.0 = Debug|Win32
		{48516AB0-D207-4A9B-9754-D460FEA27899}.Debug|x64.ActiveCfg = Debug|x64
		{48516AB0-D207-4A9B-9754-D460FEA27899}.Debug|x64.Build.0 = Debug|x64
		{48516AB0-D207-4A9B-9754-D460FEA27899}.DebugMD|ARM.ActiveCfg = DebugMD|Win32
		{48516AB0-D207-4A9B-9754-D460FEA27899}.DebugMD|Win32.ActiveCfg = DebugMD|Win32
		{48516AB0-D207-4A9B-9754-D460FEA27899}.DebugMD|Win32.Build.0 = DebugMD|Win32
		{48516AB0-D207-4A9B-9754-D460FEA27899}.DebugMD|x64.ActiveCfg = DebugMD|x64
		{48516AB0-D207-4A9B-9754-D460FEA27899}.DebugMD|x64.Build.0 = DebugMD|x64
		{48516AB0-D207-4A9B-9754-D460FEA27899}.Release|ARM.ActiveCfg = Release|Win32
		{48516AB0-D207-4A9B-9754-D460FEA27899}.Release|Win32.ActiveCfg = Release|Win32
		{48516AB0-D207-4A9B-9754-D460FEA27899}.Release|Win32.Build.0 = Release|Win32
		{48516AB0-D207-4A9B-9754-D460FEA27899}.Release|x64.ActiveCfg = Release|x64
		{48516AB0-D207-4A9B-9754-D460FEA27899}.Release|x64.Build.0 = Release|x64
		{48516AB0-D207-4A9B-9754-D460FEA27899}.ReleaseMD|ARM.ActiveCfg = ReleaseMD|Win32
		{48516AB0-D207-4A9B-9754-D460FEA27899}.ReleaseMD|Win32.ActiveCfg = ReleaseMD|Win32
		{48516AB0-D207-4A9B-9754-D460FEA27899}.ReleaseMD|Win32.Build.0 = ReleaseMD|Win32
		{48516AB0-D207-4A9B-9754-D460FEA27899}.ReleaseMD|x64.ActiveCfg = ReleaseMD|x64
		{48516AB0-D207-4A9B-9754-D460FEA27899}.ReleaseMD|x64.Build.0 = ReleaseMD|x64
		{E53621EE-41DC-4371-BBD7-FBD912304028}.Debug|ARM.ActiveCfg = Debug|Win32
		{E53621EE-41DC-4371-BBD7-FBD912304028}.Debug|Win32.ActiveCfg = Debug|Win32
		{E53621EE-41DC-4371-BBD7-FBD912304028}.Debug|Win32.Build.0 = Debug|Win32
		{E53621EE-41DC-4371-BBD7-FBD912304028}.Debug|x64.ActiveCfg = Debug|x64
		{E53621EE-41DC-4371-BBD7-FBD912304028}.Debug|x64.Build.0 = Debug|x64
		{E53621EE-41DC-4371-BBD7-FBD912304028}.DebugMD|ARM.ActiveCfg = DebugMD|Win32
		{E53621EE-41DC-4371-BBD7-FBD912304028}.DebugMD|Win32.ActiveCfg = DebugMD|Win32
		{E53621EE-41DC-4371-BBD7-FBD912304028}.DebugMD|Win32.Build.0 = DebugMD|Win32
		{E53621EE-41DC-4371-BBD7-FBD912304028}.DebugMD|x64.ActiveCfg = DebugMD|x64
		{E53621EE-41DC-4371-BBD7-FBD912304028}.DebugMD|x64.Build.0 = DebugMD|x64
		{E53621EE-41DC-4371-BBD7-FBD912304028}.Release|ARM.ActiveCfg = Release|Win32
		{E53621EE-41DC-4371-BBD7-FBD912304028}.Release|Win32.ActiveCfg = Release|Win32
		{E53621EE-41DC-4371-BBD7-FBD912304028}.Release|Win32.Build.0 = Release|Win32
		{E53621EE-41DC-4371-BBD7-FBD912304028}.Release|x64.ActiveCfg = Release|x64
		{E53621EE-41DC-4371-BBD7-FBD912304028}.Release|x64.Build.0 = Release|x64
		{E53621EE-41DC-4371-BBD7-FBD912304028}.ReleaseMD|ARM.ActiveCfg = ReleaseMD|Win32
		{E53621EE-41DC-4371-BBD7-FBD912304028}.ReleaseMD|Win32.ActiveCfg = ReleaseMD|Win32
		{E53621EE-41DC-4371-BBD7-FBD912304028}.ReleaseMD|Win32.Build.0 = ReleaseMD|Win32
		{E53621EE-41DC-4371-BBD7-FBD912304028}.ReleaseMD|x64.ActiveCfg = ReleaseMD|x64
		{E53621EE-41DC-4371-BBD7-FBD912304028}.ReleaseMD|x64.Build.0 = ReleaseMD|x64
		{73504DF2-9608-46DD-9608-E478F3C53DAB}.Debug|ARM.ActiveCfg = Debug|Win32
		{73504DF2-9608-46DD-9608-E478F3C53DAB}.Debug|Win32.ActiveCfg = Debug|Win32
		{73504DF2-9608-46DD-9608-E478F3C53DAB}.Debug|Win32.Build.0 = Debug|Win32
		{73504DF2-9608-46DD-9608-E478F3C53DAB}.Debug|x64.ActiveCfg = Debug|x64
		{73504DF2-9608-46DD-9608-E478F3C53DAB}.Debug|x64.Build.0 = Debug|x64
		{73504DF2-9608-46DD-9608-E478F3C53DAB}.DebugMD|ARM.ActiveCfg = DebugMD|Win32
		{73504DF2-9608-46DD-9608-E478F3C53DAB}.DebugMD|Win32.ActiveCfg = DebugMD|Win32
		{73504DF2-9608-46DD-9608-E478F3C53DAB}.DebugMD|Win32.Build.0 = DebugMD|Win32
		{73504DF2-9608-46DD-9608-E478F3C53DAB}.DebugMD|x64.ActiveCfg = DebugMD|x64
		{73504DF2-9608-46DD-9608-E478F3C53DAB}.DebugMD|x64.Build.0 = DebugMD|x64
		{73504DF2-9608-46DD-9608-E478F3C53DAB}.Release|ARM.ActiveCfg = Release|Win32
		{73504DF2-9608-46DD-9608-E478F3C53DAB}.Release|Win32.ActiveCfg = Release|Win32
		{73504DF2-9608-46DD-9608-E478F3C53DAB}.Release|Win32.Build.0 = Release|Win32
		{73504DF2-9608-46DD-9608-E478F3C53DAB}.Release|x64.ActiveCfg = Release|x64
		{73504DF2-9608-46DD-9608-E478F3C53DAB}.Release|x64.Build.0 = Release|x64
		{73504DF2-9608-46DD-9608-E478F3C53DAB}.ReleaseMD|ARM.ActiveCfg = ReleaseMD|Win32
		{73504DF2-9608-46DD-9608-E478F3C53DAB}.ReleaseMD|Win32.ActiveCfg = ReleaseMD|Win32
		{73504DF2-9608-46DD-9608-E478F3C53DAB}.ReleaseMD|Win32.Build.0 = ReleaseMD|Win32
		{73504DF2-9608-46DD-9608-E478F3C53DAB}.ReleaseMD|x64.ActiveCfg = ReleaseMD|x64
		{73504DF2-9608-46DD-9608-E478F3C53DAB}.ReleaseMD|x64.Build.0 = ReleaseMD|x64
		{248CD9A7-114E-4951-99C7-550F7F684D8F}.Debug|ARM.ActiveCfg = Debug|Win32
		{248CD9A7-114E-4951-99C7-550F7F684D8F}.Debug|Win32.ActiveCfg = Debug|Win32
		{248CD9A7-114E-4951-99C7-550F7F684D8F}.Debug|Win32.Build.0 = Debug|Win32
		{248CD9A7-114E-4951-99C7-550F7F684D8F}.Debug|x64.ActiveCfg = Debug|x64
		{248CD9A7-114E-4951-99C7-550F7F684D8F}.Debug|x64.Build.0 = Debug|x64
		{248CD9A7-114E-4951-99C7-550F7F684D8F}.DebugMD|ARM.ActiveCfg = DebugMD|Win32
		{248CD9A7-114E-4951-99C7-550F7F684D8F}.DebugMD|Win32.ActiveCfg = DebugMD|Win32
		{248CD9A7-114E-4951-99C7-550F7F684D8F}.DebugMD|Win32.Build.0 = DebugMD|Win32
		{248CD9A7-114E-4951-99C7-550F7F684D8F}.DebugMD|x64.ActiveCfg = DebugMD|x64
		{248CD9A7-114E-4951-99C7-550F7F684D8F}.DebugMD|x64.Build.0 = DebugMD|x64
		{248CD9A7-114E-4951-99C7-550F7F684D8F}.Release|ARM.ActiveCfg = Release|Win32
		{248CD9A7-114E-4951-99C7-550F7F684D8F}.Release|Win32.ActiveCfg = Release|Win32
		{248CD9A7-114E-4951-99C7-550F7F684D8F}.Release|Win32.Build.0 = Release|Win32
		{248CD9A7-114E-4951-99C7-550F7F684D8F}.Release|x64.ActiveCfg = Release|x64
		{248CD9A7-114E-4951-99C7-550F7F684D8F}.Release|x64.Build.0 = Release|x64
		{248CD9A7-114E-4951-99C7-550F7F684D8F}.ReleaseMD|ARM.ActiveCfg = ReleaseMD|Win32
		{248CD9A7-114E-4951-99C7-550F7F684D8F}.ReleaseMD|Win32.ActiveCfg = ReleaseMD|Win32
		{248CD9A7-114E-4951-99C7-550F7F684D8F}.ReleaseMD|Win32.Build.0 = ReleaseMD|Win32
		{248CD9A7-114E-4951-99C7-550F7F684D8F}.ReleaseMD|x64.ActiveCfg = ReleaseMD|x64
		{248CD9A7-114E-4951-99C7-550F7F684D8F}.ReleaseMD|x64.Build.0 = ReleaseMD|x64
		{6F88B646-02AF-4DA1-8E48-3B320B215124}.Debug|ARM.ActiveCfg = Debug|Win32
		{6F88B646-02AF-4DA1-8E48-3B320B215124}.Debug|Win32.ActiveCfg = Debug|Win32
		{6F88B646-02AF-4DA1-8E48-3B320B215124}.Debug|Win32.Build.0 = Debug|Win32
		{6F88B646-02AF-4DA1-8E48-3B320B215124}.Debug|x64.ActiveCfg = Debug|x64
		{6F88B646-02AF-4DA1-8E48-3B320B215124}.Debug|x64.Build.0 = Debug|x64
		{6F88B646-02AF-4DA1-8E48-3B320B215124}.DebugMD|ARM.ActiveCfg = DebugMD|Win32
		{6F88B646-02AF-4DA1-8E48-3B320B215124}.DebugMD|Win32.ActiveCfg = DebugMD|Win32
		{6F88B646-02AF-4DA1-8E48-3B320B215124}.DebugMD|Win32.Build.0 = DebugMD|Win32
		{6F88B646-02AF-4DA1-8E48-3B320B215124}.DebugMD|x64.ActiveCfg = DebugMD|x64
		{6F88B646-02AF-4DA1-8E48-3B320B215124}.DebugMD|x64.Build.0 = DebugMD|x64
		{6F88B646-02AF-4DA1-8E48-3B320B215124}.Release|ARM.ActiveCfg = Release|Win32
		{6F88B646-02AF-4DA1-8E48-3B320B215124}.Release|Win32.ActiveCfg = Release|Win32
		{6F88B646-02AF-4DA1-8E48-3B320B215124}.Release|Win32.Build.0 = Release|Win32
		{6F88B646-02AF-4DA1-8E48-3B320B215124}.Release|x64.ActiveCfg = Release|x64
		{6F88B646-02AF-4DA1-8E48-3B320B215124}.Release|x64.Build.0 = Release|x64
		{6F88B646-02AF-4DA1-8E48-3B320B215124}.ReleaseMD|ARM.ActiveCfg = ReleaseMD|Win32
		{6F88B646-02AF-4DA1-8E48-3B320B215124}.ReleaseMD|Win32.ActiveCfg = ReleaseMD|Win32
		{6F88B646-02AF-4DA1-8E48-3B320B215124}.ReleaseMD|Win32.Build.0 = ReleaseMD|Win32
		{6F88B646-02AF-4DA1-8E48-3B320B215124}.ReleaseMD|x64.ActiveCfg = ReleaseMD|x64
		{6F88B646-02AF-4DA1-8E48-3B320B215124}.ReleaseMD|x64.Build.0 = ReleaseMD|x64
		{8D512247-5FC5-486E-B1D1-A5CDB96F9B1A}.Debug|ARM.ActiveCfg = Debug|Win32
		{8D512247-5FC5-486E-B1D1-A5CDB96F9B1A}.Debug|Win32.ActiveCfg = Debug|Win32
		{8D512247-5FC5-486E-B1D1-A5CDB96F9B1A}.Debug|Win32.Build.0 = Debug|Win32
		{8D512247-5FC5-486E-B1D1-A5CDB96F9B1A}.Debug|x64.ActiveCfg = Debug|x64
		{8D512247-5FC5-486E-B1D1-A5CDB96F9B1A}.Debug|x64.Build.0 = Debug|x64
		{8D512247-5FC5-486E-B1D1-A5CDB96F9B1A}.DebugMD|ARM.ActiveCfg = DebugMD|Win32
		{8D512247-5FC5-486E-B1D1-A5CDB96F9B1A}.DebugMD|Win32.ActiveCfg = DebugMD|Win32
		{8D512247-5FC5-486E-B1D1-A5CDB96F9B1A}.DebugMD|Win32.Build.0 = DebugMD|Win32
		{8D512247-5FC5-486E-B1D1-A5CDB96F9B1A}.DebugMD|x64.ActiveCfg = DebugMD|x64
		{8D512247-5FC5-486E-B1D1-A5CDB96F9B1A}.DebugMD|x64.Build.0 = DebugMD|x64
		{8D512247-5FC5-486E-B1D1-A5CDB96F9B1A}.Release|ARM.ActiveCfg = Release|Win32
		{8D512247-5FC5-486E-B1D1-A5CDB96F9B1A}.Release|Win32.ActiveCfg = Release|Win32
		{8D512247-5FC5-486E-B1D1-A5CDB96F9B1A}.Release|Win32.Build.0 = Release|Win32
		{8D512247-5FC5-486E-B1D1-A5CDB96F9B1A}.Release|x64.ActiveCfg = Release|x64
		{8D512247-5FC5-486E-B1D1-A5CDB96F9B1A}.Release|x64.Build.0 = Release|x64
		{8D512247-5FC5-486E-B1D1-A5CDB96F9B1A}.ReleaseMD|ARM.ActiveCfg = ReleaseMD|Win32
		{8D512247-5FC5-486E-B1D1-A5CDB96F9B1A}.ReleaseMD|Win32.ActiveCfg = ReleaseMD|Win32
		{8D512247-5FC5-486E-B1D1-A5CDB96F9B1A}.ReleaseMD|Win32.Build.0 = ReleaseMD|Win32
		{8D512247-5FC5-486E-B1D1-A5CDB96F9B1A}.ReleaseMD|x64.ActiveCfg = ReleaseMD|x64
		{8D512247-5FC5-486E-B1D1-A5CDB96F9B1A}.ReleaseMD|x64.Build.0 = ReleaseMD|x64
		{66207B9E-F247-4A29-B4EA-190C333FDE2C}.Debug|ARM.ActiveCfg = Debug|Win32
		{66207B9E-F247-4A29-B4EA-190C333FDE2C}.Debug|Win32.ActiveCfg = Debug|Win32
		{66207B9E-F247-4A29-B4EA-190C333FDE2C}.Debug|Win32.Build.0 = Debug|Win32
		{66207B9E-F247-4A29-B4EA-190C333FDE2C}.Debug|x64.ActiveCfg = Debug|x64
		{66207B9E-F247-4A29-B4EA-190C333FDE2C}.Debug|x64.Build.0 = Debug|x64
		{66207B9E-F247-4A29-B4EA-190C333FDE2C}.DebugMD|ARM.ActiveCfg = DebugMD|Win32
		{66207B9E-F247-4A29-B4EA-190C333FDE2C}.DebugMD|Win32.ActiveCfg = DebugMD|Win32
		{66207B9E-F247-4A29-B4EA-190C333FDE2C}.DebugMD|Win32.Build.0 = DebugMD|Win32
		{66207B9E-F247-4A29-B4EA-190C333FDE2C}.DebugMD|x64.ActiveCfg = DebugMD|x64
		{66207B9E-F247-4A29-B4EA-190C333FDE2C}.DebugMD|x64.Build.0 = DebugMD|x64
		{66207B9E-F247-4A29-B4EA-190C333FDE2C}.Release|ARM.ActiveCfg = Release|Win32
		{66207B9E-F247-4A29-B4EA-190C333FDE2C}.Release|Win32.ActiveCfg = Release|Win32
		{66207B9E-F247-4A29-B4EA-190C333FDE2C}.Release|Win32.Build.0 = Release|Win32
		{66207B9E-F247-4A29-B4EA-190C333FDE2C}.Release|x64.ActiveCfg = Release|x64
		{66207B9E-F247-4A29-B4EA-190C333FDE2C}.Release|x64.Build.0 = Release|x64
		{66207B9E-F247-4A29-B4EA-190C333FDE2C}.ReleaseMD|ARM.ActiveCfg = ReleaseMD|Win32
		{66207B9E-F247-4A29-B4EA-190C333FDE2C}.ReleaseMD|Win32.ActiveCfg = ReleaseMD|Win32
		{66207B9E-F247-4A29-B4EA-190C333FDE2C}.ReleaseMD|Win32.Build.0 = ReleaseMD|Win32
		{66207B9E-F247-4A29-B4EA-190C333FDE2C}.ReleaseMD|x64.ActiveCfg = ReleaseMD|x64
		{66207B9E-F247-4A29-B4EA-190C333FDE2C}.ReleaseMD|x64.Build.0 = ReleaseMD|x64
		{0FE80075-72B2-4B73-B78A-00CF7633EED1}.Debug|ARM.ActiveCfg = Debug|Win32
		{0FE80075-72B2-4B73-B78A-00CF7633EED1}.Debug|Win32.ActiveCfg = Debug|Win32
		{0FE80075-72B2-4B73-B78A-00CF7633EED1}.Debug|Win32.Build.0 = Debug|Win32
		{0FE80075-72B2-4B73-B78A-00CF7633EED1}.Debug|x64.ActiveCfg = Debug|x64
		{0FE80075-72B2-4B73-B78A-00CF7633EED1}.Debug|x64.Build.0 = Debug|x64
		{0FE80075-72B2-4B73-B78A-00CF7633EED1}.DebugMD|ARM.ActiveCfg = DebugMD|Win32
		{0FE80075-72B2-4B73-B78A-00CF7633EED1}.DebugMD|Win32.ActiveCfg = DebugMD|Win32
		{0FE80075-72B2-4B73-B78A-00CF7633EED1}.DebugMD|Win32.Build.0 = DebugMD|Win32
		{0FE80075-72B2-4B73-B78A-00CF7633EED1}.DebugMD|x64.ActiveCfg = DebugMD|x64
		{0FE80075-72B2-4B73-B78A-00CF7633EED1}.DebugMD|x64.Build.0 = DebugMD|x64
		{0FE80075-72B2-4B73-B78A-00CF7633EED1}.Release|ARM.ActiveCfg = Release|Win32
		{0FE80075-72B2-4B73-B78A-00CF7633EED1}.Release|Win32.ActiveCfg = Release|Win32
		{0FE80075-72B2-4B73-B78A-00CF7633EED1}.Release|Win32.Build.0 = Release|Win32
		{0FE80075-72B2-4B73-B78A-00CF7633EED1}.Release|x64.ActiveCfg = Release|x64
		{0FE80075-72B2-4B73-B78A-00CF7633EED1}.Release|x64.Build.0 = Release|x64
		{0FE80075-72B2-4B73-B78A-00CF7633EED1}.ReleaseMD|ARM.ActiveCfg = ReleaseMD|Win32
		{0FE80075-72B2-4B73-B78A-00CF7633EED1}.ReleaseMD|Win32.ActiveCfg = ReleaseMD|Win32
		{0FE80075-72B2-4B73-B78A-00CF7633EED1}.ReleaseMD|Win32.Build.0 = ReleaseMD|Win32
		{0FE80075-72B2-4B73-B78A-00CF7633EED1}.ReleaseMD|x64.ActiveCfg = ReleaseMD|x64
		{0FE80075-72B2-4B73-B78A-00CF7633EED1}.ReleaseMD|x64.Build.0 = ReleaseMD|x64
		{166E65CE-A447-4E84-911F-931F6C3851FA}.Debug|ARM.ActiveCfg = Debug|Win32
		{166E65CE-A447-4E84-911F-931F6C3851FA}.Debug|Win32.ActiveCfg = Debug|Win32
		{166E65CE-A447-4E84-911F-931F6C3851FA}.Debug|Win32.Build.0 = Debug|Win32
		{166E65CE-A447-4E84-911F-931F6C3851FA}.Debug|x64.ActiveCfg = Debug|x64
		{166E65CE-A447-4E84-911F-931F6C3851FA}.Debug|x64.Build.0 = Debug|x64
		{166E65CE-A447-4E84-911F-931F6C3851FA}.DebugMD|ARM.ActiveCfg = DebugMD|Win32
		{166E65CE-A447-4E84-911F-931F6C3851FA}.DebugMD|Win32.ActiveCfg = DebugMD|Win32
		{166E65CE-A447-4E84-911F-931F6C3851FA}.DebugMD|Win32.Build.0 = DebugMD|Win32
		{166E65CE-A447-4E84-911F-931F6C3851FA}.DebugMD|x64.ActiveCfg = DebugMD|x64
		{166E65CE-A447-4E84-911F-931F6C3851FA}.DebugMD|x64.Build.0 = DebugMD|x64
		{166E65CE-A447-4E84-911F-931F6C3851FA}.Release|ARM.ActiveCfg = Release|Win32
		{166E65CE-A447-4E84-911F-931F6C3851FA}.Release|Win32.ActiveCfg = Release|Win32
		{166E65CE-A447-4E84-911F-931F6C3851FA}.Release|Win32.Build.0 = Release|Win32
		{166E65CE-A447-4E84-911F-931F6C3851FA}.Release|x64.ActiveCfg = Release|x64
		{166E65CE-A447-4E84-911F-931F6C3851FA}.Release|x64.Build.0 = Release|x64
		{166E65CE-A447-4E84-911F-931F6C3851FA}.ReleaseMD|ARM.ActiveCfg = ReleaseMD|Win32
		{166E65CE-A447-4E84-911F-931F6C3851FA}.ReleaseMD|Win32.ActiveCfg = ReleaseMD|Win32
		{166E65CE-A447-4E84-911F-931F6C3851FA}.ReleaseMD|Win32.Build.0 = ReleaseMD|Win32
		{166E65CE-A447-4E84-911F-931F6C3851FA}.ReleaseMD|x64.ActiveCfg = ReleaseMD|x64
		{166E65CE-A447-4E84-911F-931F6C3851FA}.ReleaseMD|x64.Build.0 = ReleaseMD|x64
		{81787C67-4356-4EEE-B5D4-DC2C8A016D7E}.Debug|ARM.ActiveCfg = Debug|Win32
		{81787C67-4356-4EEE-B5D4-DC2C8A016D7E}.Debug|Win32.ActiveCfg = Debug|Win32
		{81787C67-4356-4EEE-B5D4-DC2C8A016D7E}.Debug|Win32.Build.0 = Debug|Win32
		{81787C67-4356-4EEE-B5D4-DC2C8A016D7E}.Debug|x64.ActiveCfg = Debug|x64
		{81787C67-4356-4EEE-B5D4-DC2C8A016D7E}.Debug|x64.Build.0 = Debug|x64
		{81787C67-4356-4EEE-B5D4-DC2C8A016D7E}.DebugMD|ARM.ActiveCfg = DebugMD|Win32
		{81787C67-4356-4EEE-B5D4-DC2C8A016D7E}.DebugMD|Win32.ActiveCfg = DebugMD|Win32
		{81787C67-4356-4EEE-B5D4-DC2C8A016D7E}.DebugMD|Win32.Build.0 = DebugMD|Win32
		{81787C67-4356-4EEE-B5D4-DC2C8A016D7E}.DebugMD|x64.ActiveCfg = DebugMD|x64
		{81787C67-4356-4EEE-B5D4-DC2C8A016D7E}.DebugMD|x64.Build.0 = DebugMD|x64
		{81787C67-4356-4EEE-B5D4-DC2C8A016D7E}.Release|ARM.ActiveCfg = Release|Win32
		{81787C67-4356-4EEE-B5D4-DC2C8A016D7E}.Release|Win32.ActiveCfg = Release|Win32
		{81787C67-4356-4EEE-B5D4-DC2C8A016D7E}.Release|Win32.Build.0 = Release|Win32
		{81787C67-4356-4EEE-B5D4-DC2C8A016D7E}.Release|x64.ActiveCfg = Release|x64
		{81787C67-4356-4EEE-B5D4-DC2C8A016D7E}.Release|x64.Build.0 = Release|x64
		{81787C67-4356-4EEE-B5D4-DC2C8A016D7E}.ReleaseMD|ARM.ActiveCfg = ReleaseMD|Win32
		{81787C67-4356-4EEE-B5D4-DC2C8A016D7E}.ReleaseMD|Win32.ActiveCfg = ReleaseMD|Win32
		{81787C67-4356-4EEE-B5D4-DC2C8A016D7E}.ReleaseMD|Win32.Build.0 = ReleaseMD|Win32
		{81787C67-4356-4EEE-B5D4-DC2C8A016D7E}.ReleaseMD|x64.ActiveCfg = ReleaseMD|x64
		{81787C67-4356-4EEE-B5D4-DC2C8A016D7E}.ReleaseMD|x64.Build.0 = ReleaseMD|x64
		{59C3F137-EAC0-41AC-866A-84E29CFC26DB}.Debug|ARM.ActiveCfg = Debug|Win32
		{59C3F137-EAC0-41AC-866A-84E29CFC26DB}.Debug|Win32.ActiveCfg = Debug|Win32
		{59C3F137-EAC0-41AC-866A-84E29CFC26DB}.Debug|Win32.Build.0 = Debug|Win32
		{59C3F137-EAC0-41AC-866A-84E29CFC26DB}.Debug|x64.ActiveCfg = Debug|x64
		{59C3F137-EAC0-41AC-866A-84E29CFC26DB}.Debug|x64.Build.0 = Debug|x64
		{59C3F137-EAC0-41AC-866A-84E29CFC26DB}.DebugMD|ARM.ActiveCfg = DebugMD|Win32
		{59C3F137-EAC0-41AC-866A-84E29CFC26DB}.DebugMD|Win32.ActiveCfg = DebugMD|Win32
		{59C3F137-EAC0-41AC-866A-84E29CFC26DB}.DebugMD|Win32.Build.0 = DebugMD|Win32
		{59C3F137-EAC0-41AC-866A-84E29CFC26DB}.DebugMD|x64.ActiveCfg = DebugMD|x64
		{59C3F137-EAC0-41AC-866A-84E29CFC26DB}.DebugMD|x64.Build.0 = DebugMD|x64
		{59C3F137-EAC0-41AC-866A-84E29CFC26DB}.Release|ARM.ActiveCfg = Release|Win32
		{59C3F137-EAC0-41AC-866A-84E29CFC26DB}.Release|Win32.ActiveCfg = Release|Win32
		{59C3F137-EAC0-41AC-866A-84E29CFC26DB}.Release|Win32.Build.0 = Release|Win32
		{59C3F137-EAC0-41AC-866A-84E29CFC26DB}.Release|x64.ActiveCfg = Release|x64
		{59C3F137-EAC0-41AC-866A-84E29CFC26DB}.Release|x64.Build.0 = Release|x64
		{59C3F137-EAC0-41AC-866A-84E29CFC26DB}.ReleaseMD|ARM.ActiveCfg = ReleaseMD|Win32
		{59C3F137-EAC0-41AC-866A-84E29CFC26DB}.ReleaseMD|Win32.ActiveCfg = ReleaseMD|Win32
		{59C3F137-EAC0-41AC-866A-84E29CFC26DB}.ReleaseMD|Win32.Build.0 = ReleaseMD|Win32
		{59C3F137-EAC0-41AC-866A-84E29CFC26DB}.ReleaseMD|x64.ActiveCfg = ReleaseMD|x64
		{59C3F137-EAC0-41AC-866A-84E29CFC26DB}.ReleaseMD|x64.Build.0 = ReleaseMD|x64
		{94DE8222-004F-444E-9E7C-F1F9F2863BD6}.Debug|ARM.ActiveCfg = Debug|Win32
		{94DE8222-004F-444E-9E7C-F1F9F2863BD6}.Debug|Win32.ActiveCfg = Debug|Win32
		{94DE8222-004F-444E-9E7C-F1F9F2863BD6}.Debug|Win32.Build.0 = Debug|Win32
		{94DE8222-004F-444E-9E7C-F1F9F2863BD6}.Debug|x64.ActiveCfg = Debug|x64
		{94DE8222-004F-444E-9E7C-F1F9F2863BD6}.Debug|x64.Build.0 = Debug|x64
		{94DE8222-004F-444E-9E7C-F1F9F2863BD6}.DebugMD|ARM.ActiveCfg = DebugMD|Win32
		{94DE8222-004F-444E-9E7C-F1F9F2863BD6}.DebugMD|Win32.ActiveCfg = DebugMD|Win32
		{94DE8222-004F-444E-9E7C-F1F9F2863BD6}.DebugMD|Win32.Build.0 = DebugMD|Win32
		{94DE8222-004F-444E-9E7C-F1F9F2863BD6}.DebugMD|x64.ActiveCfg = DebugMD|x64
		{94DE8222-004F-444E-9E7C-F1F9F2863BD6}.DebugMD|x64.Build.0 = DebugMD|x64
		{94DE8222-004F-444E-9E7C-F1F9F2863BD6}.Release|ARM.ActiveCfg = Release|Win32
		{94DE8222-004F-444E-9E7C-F1F9F2863BD6}.Release|Win32.ActiveCfg = Release|Win32
		{94DE8222-004F-444E-9E7C-F1F9F2863BD6}.Release|Win32.Build.0 = Release|Win32
		{94DE8222-004F-444E-9E7C-F1F9F2863BD6}.Release|x64.ActiveCfg = Release|x64
		{94DE8222-004F-444E-9E7C-F1F9F2863BD6}.Release|x64.Build.0 = Release|x64
		{94DE8222-004F-444E-9E7C-F1F9F2863BD6}.ReleaseMD|ARM.ActiveCfg = ReleaseMD|Win32
		{94DE8222-004F-444E-9E7C-F1F9F2863BD6}.ReleaseMD|Win32.ActiveCfg = ReleaseMD|Win32
		{94DE8222-004F-444E-9E7C-F1F9F2863BD6}.ReleaseMD|Win32.Build.0 = ReleaseMD|Win32
		{94DE8222-004F-444E-9E7C-F1F9F2863BD6}.ReleaseMD|x64.ActiveCfg = ReleaseMD|x64
		{94DE8222-004F-444E-9E7C-F1F9F2863BD6}.ReleaseMD|x64.Build.0 = ReleaseMD|x64
		{E4024360-90A4-470F-A6B1-105ACBF90FFA}.Debug|ARM.ActiveCfg = Debug|Win32
		{E4024360-90A4-470F-A6B1-105ACBF90FFA}.Debug|Win32.ActiveCfg = Debug|Win32
		{E4024360-90A4-470F-A6B1-105ACBF90FFA}.Debug|Win32.Build.0 = Debug|Win32
		{E4024360-90A4-470F-A6B1-105ACBF90FFA}.Debug|x64.ActiveCfg = Debug|x64
		{E4024360-90A4-470F-A6B1-105ACBF90FFA}.Debug|x64.Build.0 = Debug|x64
		{E4024360-90A4-470F-A6B1-105ACBF90FFA}.DebugMD|ARM.ActiveCfg = DebugMD|Win32
		{E4024360-90A4-470F-A6B1-105ACBF90FFA}.DebugMD|Win32.ActiveCfg = DebugMD|Win32
		{E4024360-90A4-470F-A6B1-105ACBF90FFA}.DebugMD|Win32.Build.0 = DebugMD|Win32
		{E4024360-90A4-470F-A6B1-105ACBF90FFA}.DebugMD|x64.ActiveCfg = DebugMD|x64
		{E4024360-90A4-470F-A6B1-105ACBF90FFA}.DebugMD|x64.Build.0 = DebugMD|x64
		{E4024360-90A4-470F-A6B1-105ACBF90FFA}.Release|ARM.ActiveCfg = Release|Win32
		{E4024360-90A4-470F-A6B1-105ACBF90FFA}.Release|Win32.ActiveCfg = Release|Win32
		{E4024360-90A4-470F-A6B1-105ACBF90FFA}.Release|Win32.Build.0 = Release|Win32
		{E4024360-90A4-470F-A6B1-105ACBF90FFA}.Release|x64.ActiveCfg = Release|x64
		{E4024360-90A4-470F-A6B1-105ACBF90FFA}.Release|x64.Build.0 = Release|x64
		{E4024360-90A4-470F-A6B1-105ACBF90FFA}.ReleaseMD|ARM.ActiveCfg = ReleaseMD|Win32
		{E4024360-90A4-470F-A6B1-105ACBF90FFA}.ReleaseMD|Win32.ActiveCfg = ReleaseMD|Win32
		{E4024360-90A4-470F-A6B1-105ACBF90FFA}.ReleaseMD|Win32.Build.0 = ReleaseMD|Win32
		{E4024360-90A4-470F-A6B1-105ACBF90FFA}.ReleaseMD|x64.ActiveCfg = ReleaseMD|x64
		{E4024360-90A4-470F-A6B1-105ACBF90FFA}.ReleaseMD|x64.Build.0 = ReleaseMD|x64
		{CEA9C771-F7F8-49E3-B4A3-890A535B122B}.Debug|ARM.ActiveCfg = Debug|Win32
		{CEA9C771-F7F8-49E3-B4A3-890A535B122B}.Debug|Win32.ActiveCfg = Debug|Win32
		{CEA9C771-F7F8-49E3-B4A3-890A535B122B}.Debug|Win32.Build.0 = Debug|Win32
		{CEA9C771-F7F8-49E3-B4A3-890A535B122B}.Debug|x64.ActiveCfg = Debug|x64
		{CEA9C771-F7F8-49E3-B4A3-890A535B122B}.Debug|x64.Build.0 = Debug|x64
		{CEA9C771-F7F8-49E3-B4A3-890A535B122B}.DebugMD|ARM.ActiveCfg = DebugMD|Win32
		{CEA9C771-F7F8-49E3-B4A3-890A535B122B}.DebugMD|Win32.ActiveCfg = DebugMD|Win32
		{CEA9C771-F7F8-49E3-B4A3-890A535B122B}.DebugMD|Win32.Build.0 = DebugMD|Win32
		{CEA9C771-F7F8-49E3-B4A3-890A535B122B}.DebugMD|x64.ActiveCfg = DebugMD|x64
		{CEA9C771-F7F8-49E3-B4A3-890A535B122B}.DebugMD|x64.Build.0 = DebugMD|x64
		{CEA9C771-F7F8-49E3-B4A3-890A535B122B}.Release|ARM.ActiveCfg = Release|Win32
		{CEA9C771-F7F8-49E3-B4A3-890A535B122B}.Release|Win32.ActiveCfg = Release|Win32
		{CEA9C771-F7F8-49E3-B4A3-890A535B122B}.Release|Win32.Build.0 = Release|Win32
		{CEA9C771-F7F8-49E3-B4A3-890A535B122B}.Release|x64.ActiveCfg = Release|x64
		{CEA9C771-F7F8-49E3-B4A3-890A535B122B}.Release|x64.Build.0 = Release|x64
		{CEA9C771-F7F8-49E3-B4A3-890A535B122B}.ReleaseMD|ARM.ActiveCfg = ReleaseMD|Win32
		{CEA9C771-F7F8-49E3-B4A3-890A535B122B}.ReleaseMD|Win32.ActiveCfg = ReleaseMD|Win32
		{CEA9C771-F7F8-49E3-B4A3-890A535B122B}.ReleaseMD|Win32.Build.0 = ReleaseMD|Win32
		{CEA9C771-F7F8-49E3-B4A3-890A535B122B}.ReleaseMD|x64.ActiveCfg = ReleaseMD|x64
		{CEA9C771-F7F8-49E3-B4A3-890A535B122B}.ReleaseMD|x64.Build.0 = ReleaseMD|x64
	EndGlobalSection
	GlobalSection(SolutionProperties) = preSolution
		HideSolutionNode = FALSE
	EndGlobalSection
EndGlobal
